{
  "originHash" : "8146b52b686ef86b233426688ef013d889a0bca91c7c717e1e3488ea17903620",
  "pins" : [
    {
      "identity" : "scout",
      "kind" : "remoteSourceControl",
      "location" : "https://github.com/kasianov-mikhail/scout",
      "state" : {
        "branch" : "main",
        "revision" : "fb41c0489e3d29fecac53be22dc3149fcaaf028e"
      }
    },
    {
      "identity" : "swift-log",
      "kind" : "remoteSourceControl",
      "location" : "https://github.com/apple/swift-log.git",
      "state" : {
        "revision" : "3d8596ed08bd13520157f0355e35caed215ffbfa",
        "version" : "1.6.3"
      }
    }
  ],
  "version" : 3
}
