{
  "originHash" : "8146b52b686ef86b233426688ef013d889a0bca91c7c717e1e3488ea17903620",
  "pins" : [
    {
      "identity" : "scout",
      "kind" : "remoteSourceControl",
      "location" : "https://github.com/kasianov-mikhail/scout",
      "state" : {
        "branch" : "main",
        "revision" : "f4b4a90a06f9ab1f2fd7015169bffe0946128cc4"
      }
    },
    {
      "identity" : "swift-log",
      "kind" : "remoteSourceControl",
      "location" : "https://github.com/apple/swift-log.git",
      "state" : {
        "revision" : "bbd81b6725ae874c69e9b8c8804d462356b55523",
        "version" : "1.10.1"
      }
    },
    {
      "identity" : "swift-metrics",
      "kind" : "remoteSourceControl",
      "location" : "https://github.com/apple/swift-metrics.git",
      "state" : {
        "revision" : "f17c111cec972c2a4922cef38cf64f76f7e87886",
        "version" : "2.8.0"
      }
    }
  ],
  "version" : 3
}
