{
  "originHash" : "8146b52b686ef86b233426688ef013d889a0bca91c7c717e1e3488ea17903620",
  "pins" : [
    {
      "identity" : "scout",
      "kind" : "remoteSourceControl",
      "location" : "https://github.com/kasianov-mikhail/scout",
      "state" : {
        "branch" : "main",
        "revision" : "51f8a4ee3743ff7e236b19ce66e91d0a3805553a"
      }
    },
    {
      "identity" : "swift-log",
      "kind" : "remoteSourceControl",
      "location" : "https://github.com/apple/swift-log.git",
      "state" : {
        "revision" : "92448c359f00ebe36ae97d3bd9086f13c7692b5a",
        "version" : "1.13.2"
      }
    },
    {
      "identity" : "swift-metrics",
      "kind" : "remoteSourceControl",
      "location" : "https://github.com/apple/swift-metrics.git",
      "state" : {
        "revision" : "087e8074afa97040c3b870c8664fe5482fb87cc4",
        "version" : "2.11.0"
      }
    }
  ],
  "version" : 3
}
